
Microsoft Visual Studio Solution File, Format Version 12.00
# Visual Studio Version 17
VisualStudioVersion = 17.9.34607.119
MinimumVisualStudioVersion = 10.0.40219.1
Project("{8BC9CEB8-8B4A-11D0-8D11-00A0C91BC942}") = "day06", "day06\day06.vcxproj", "{CDB7459E-35D2-463C-B73C-92458F2BF506}"
EndProject
Global
	GlobalSection(SolutionConfigurationPlatforms) = preSolution
		Debug|x64 = Debug|x64
		Debug|x86 = Debug|x86
		Release|x64 = Release|x64
		Release|x86 = Release|x86
	EndGlobalSection
	GlobalSection(ProjectConfigurationPlatforms) = postSolution
		{CDB7459E-35D2-463C-B73C-92458F2BF506}.Debug|x64.ActiveCfg = Debug|x64
		{CDB7459E-35D2-463C-B73C-92458F2BF506}.Debug|x64.Build.0 = Debug|x64
		{CDB7459E-35D2-463C-B73C-92458F2BF506}.Debug|x86.ActiveCfg = Debug|Win32
		{CDB7459E-35D2-463C-B73C-92458F2BF506}.Debug|x86.Build.0 = Debug|Win32
		{CDB7459E-35D2-463C-B73C-92458F2BF506}.Release|x64.ActiveCfg = Release|x64
		{CDB7459E-35D2-463C-B73C-92458F2BF506}.Release|x64.Build.0 = Release|x64
		{CDB7459E-35D2-463C-B73C-92458F2BF506}.Release|x86.ActiveCfg = Release|Win32
		{CDB7459E-35D2-463C-B73C-92458F2BF506}.Release|x86.Build.0 = Release|Win32
	EndGlobalSection
	GlobalSection(SolutionProperties) = preSolution
		HideSolutionNode = FALSE
	EndGlobalSection
	GlobalSection(ExtensibilityGlobals) = postSolution
		SolutionGuid = {46422F53-ED13-4D2F-9776-326F4FB3EE07}
	EndGlobalSection
EndGlobal
